
Microsoft Visual Studio Solution File, Format Version 11.00
# Visual Studio 2010
Project("{D2ABAB84-BF74-430A-B69E-9DC6D40DDA17}") = "HidrandinaBI2015Final", "HidrandinaBI2015Final\HidrandinaBI2015Final.dwproj", "{493D9723-A4B2-455D-807C-5BFBD7037992}"
EndProject
Global
	GlobalSection(SolutionConfigurationPlatforms) = preSolution
		Development|Default = Development|Default
	EndGlobalSection
	GlobalSection(ProjectConfigurationPlatforms) = postSolution
		{493D9723-A4B2-455D-807C-5BFBD7037992}.Development|Default.ActiveCfg = Development
		{493D9723-A4B2-455D-807C-5BFBD7037992}.Development|Default.Build.0 = Development
		{493D9723-A4B2-455D-807C-5BFBD7037992}.Development|Default.Deploy.0 = Development
	EndGlobalSection
	GlobalSection(SolutionProperties) = preSolution
		HideSolutionNode = FALSE
	EndGlobalSection
EndGlobal
